
Microsoft Visual Studio Solution File, Format Version 12.00
# Visual Studio 15
VisualStudioVersion = 15.0.27703.2035
MinimumVisualStudioVersion = 10.0.40219.1
Project("{FAE04EC0-301F-11D3-BF4B-00C04F79EFBC}") = "NewSanofi", "NewSanofi\NewSanofi.csproj", "{32D67195-363B-4348-99F8-CF8DB3D52B3D}"
EndProject
Project("{54435603-DBB4-11D2-8724-00A0C9A8B90C}") = "Sanofi_Installer", "Sanofi_Installer\Sanofi_Installer.vdproj", "{6302D800-5826-452A-8FB4-0AF672353809}"
EndProject
Global
	GlobalSection(SolutionConfigurationPlatforms) = preSolution
		Debug|Any CPU = Debug|Any CPU
		Release|Any CPU = Release|Any CPU
	EndGlobalSection
	GlobalSection(ProjectConfigurationPlatforms) = postSolution
		{32D67195-363B-4348-99F8-CF8DB3D52B3D}.Debug|Any CPU.ActiveCfg = Debug|Any CPU
		{32D67195-363B-4348-99F8-CF8DB3D52B3D}.Debug|Any CPU.Build.0 = Debug|Any CPU
		{32D67195-363B-4348-99F8-CF8DB3D52B3D}.Release|Any CPU.ActiveCfg = Release|Any CPU
		{32D67195-363B-4348-99F8-CF8DB3D52B3D}.Release|Any CPU.Build.0 = Release|Any CPU
		{6302D800-5826-452A-8FB4-0AF672353809}.Debug|Any CPU.ActiveCfg = Debug
		{6302D800-5826-452A-8FB4-0AF672353809}.Release|Any CPU.ActiveCfg = Release
	EndGlobalSection
	GlobalSection(SolutionProperties) = preSolution
		HideSolutionNode = FALSE
	EndGlobalSection
	GlobalSection(ExtensibilityGlobals) = postSolution
		SolutionGuid = {38BC3E28-7AB1-4053-A087-D0C600749C72}
	EndGlobalSection
EndGlobal
